
Microsoft Visual Studio Solution File, Format Version 12.00
# Visual Studio Version 16
VisualStudioVersion = 25.0.1706.11
MinimumVisualStudioVersion = 10.0.40219.1
Project("{FAE04EC0-301F-11D3-BF4B-00C04F79EFBC}") = "ParcelService", "ParcelService.csproj", "{845FAB74-A442-4390-8DB5-1A11228B281A}"
EndProject
Project("{FAE04EC0-301F-11D3-BF4B-00C04F79EFBC}") = "ParcelService.Tests", "..\ParcelService.Tests\ParcelService.Tests.csproj", "{9CA3CD0E-237F-483F-A3CA-25689F17A2BE}"
EndProject
Global
	GlobalSection(SolutionConfigurationPlatforms) = preSolution
		Debug|Any CPU = Debug|Any CPU
		Release|Any CPU = Release|Any CPU
	EndGlobalSection
	GlobalSection(ProjectConfigurationPlatforms) = postSolution
		{845FAB74-A442-4390-8DB5-1A11228B281A}.Debug|Any CPU.ActiveCfg = Debug|Any CPU
		{845FAB74-A442-4390-8DB5-1A11228B281A}.Debug|Any CPU.Build.0 = Debug|Any CPU
		{845FAB74-A442-4390-8DB5-1A11228B281A}.Release|Any CPU.ActiveCfg = Release|Any CPU
		{845FAB74-A442-4390-8DB5-1A11228B281A}.Release|Any CPU.Build.0 = Release|Any CPU
		{9CA3CD0E-237F-483F-A3CA-25689F17A2BE}.Debug|Any CPU.ActiveCfg = Debug|Any CPU
		{9CA3CD0E-237F-483F-A3CA-25689F17A2BE}.Debug|Any CPU.Build.0 = Debug|Any CPU
		{9CA3CD0E-237F-483F-A3CA-25689F17A2BE}.Release|Any CPU.ActiveCfg = Release|Any CPU
		{9CA3CD0E-237F-483F-A3CA-25689F17A2BE}.Release|Any CPU.Build.0 = Release|Any CPU
	EndGlobalSection
	GlobalSection(SolutionProperties) = preSolution
		HideSolutionNode = FALSE
	EndGlobalSection
	GlobalSection(ExtensibilityGlobals) = postSolution
		SolutionGuid = {DBAB5C97-4A84-4EFA-B53D-41AC19B40822}
	EndGlobalSection
EndGlobal
